Microsoft Visual Studio Solution File, Format Version 12.00
# Visual Studio Version 17
VisualStudioVersion = 17.5.2.0
MinimumVisualStudioVersion = 10.0.40219.1
Project("{FAE04EC0-301F-11D3-BF4B-00C04F79EFBC}") = "XamlTestApp", "XamlTestApp.csproj", "{97699281-9F1B-40A5-2A8A-FC749BF4B76C}"
EndProject
Global
	GlobalSection(SolutionConfigurationPlatforms) = preSolution
		Debug|Any CPU = Debug|Any CPU
		Release|Any CPU = Release|Any CPU
	EndGlobalSection
	GlobalSection(ProjectConfigurationPlatforms) = postSolution
		{97699281-9F1B-40A5-2A8A-FC749BF4B76C}.Debug|Any CPU.ActiveCfg = Debug|Any CPU
		{97699281-9F1B-40A5-2A8A-FC749BF4B76C}.Debug|Any CPU.Build.0 = Debug|Any CPU
		{97699281-9F1B-40A5-2A8A-FC749BF4B76C}.Release|Any CPU.ActiveCfg = Release|Any CPU
		{97699281-9F1B-40A5-2A8A-FC749BF4B76C}.Release|Any CPU.Build.0 = Release|Any CPU
	EndGlobalSection
	GlobalSection(SolutionProperties) = preSolution
		HideSolutionNode = FALSE
	EndGlobalSection
	GlobalSection(ExtensibilityGlobals) = postSolution
		SolutionGuid = {CD997C13-6B1D-422B-B69B-B63BA1D266E6}
	EndGlobalSection
EndGlobal
